
Microsoft Visual Studio Solution File, Format Version 12.00
# Visual Studio Version 16
VisualStudioVersion = 16.0.30717.126
MinimumVisualStudioVersion = 10.0.40219.1
Project("{9A19103F-16F7-4668-BE54-9A1E7A4F7556}") = "CoffeeMaker.API", "CoffeeMaker\CoffeeMaker.API.csproj", "{3D3CACBC-E333-4837-A3CC-0C477D94629C}"
EndProject
Project("{9A19103F-16F7-4668-BE54-9A1E7A4F7556}") = "CoffeeMaker.Application", "CoffeeMaker.Business\CoffeeMaker.Application.csproj", "{CD055AF5-23D1-4C70-8E58-52757FC3F480}"
EndProject
Project("{9A19103F-16F7-4668-BE54-9A1E7A4F7556}") = "CoffeeMaker.Core", "CoffeeMaker.Core\CoffeeMaker.Core.csproj", "{601D5F60-FBB4-44A2-B19F-65A01A3EFF3E}"
EndProject
Project("{9A19103F-16F7-4668-BE54-9A1E7A4F7556}") = "CoffeeMaker.Domain", "CoffeeMaker.Domain\CoffeeMaker.Domain.csproj", "{8B6514E2-9CBF-4B52-A0C8-8AACBB7A1829}"
EndProject
Project("{9A19103F-16F7-4668-BE54-9A1E7A4F7556}") = "CoffeeMaker.Infrastructure", "CoffeeMaker.Infrastructure\CoffeeMaker.Infrastructure.csproj", "{C357CC2C-28A6-410F-89B5-419F16216F3A}"
EndProject
Global
	GlobalSection(SolutionConfigurationPlatforms) = preSolution
		Debug|Any CPU = Debug|Any CPU
		Release|Any CPU = Release|Any CPU
	EndGlobalSection
	GlobalSection(ProjectConfigurationPlatforms) = postSolution
		{3D3CACBC-E333-4837-A3CC-0C477D94629C}.Debug|Any CPU.ActiveCfg = Debug|Any CPU
		{3D3CACBC-E333-4837-A3CC-0C477D94629C}.Debug|Any CPU.Build.0 = Debug|Any CPU
		{3D3CACBC-E333-4837-A3CC-0C477D94629C}.Release|Any CPU.ActiveCfg = Release|Any CPU
		{3D3CACBC-E333-4837-A3CC-0C477D94629C}.Release|Any CPU.Build.0 = Release|Any CPU
		{CD055AF5-23D1-4C70-8E58-52757FC3F480}.Debug|Any CPU.ActiveCfg = Debug|Any CPU
		{CD055AF5-23D1-4C70-8E58-52757FC3F480}.Debug|Any CPU.Build.0 = Debug|Any CPU
		{CD055AF5-23D1-4C70-8E58-52757FC3F480}.Release|Any CPU.ActiveCfg = Release|Any CPU
		{CD055AF5-23D1-4C70-8E58-52757FC3F480}.Release|Any CPU.Build.0 = Release|Any CPU
		{601D5F60-FBB4-44A2-B19F-65A01A3EFF3E}.Debug|Any CPU.ActiveCfg = Debug|Any CPU
		{601D5F60-FBB4-44A2-B19F-65A01A3EFF3E}.Debug|Any CPU.Build.0 = Debug|Any CPU
		{601D5F60-FBB4-44A2-B19F-65A01A3EFF3E}.Release|Any CPU.ActiveCfg = Release|Any CPU
		{601D5F60-FBB4-44A2-B19F-65A01A3EFF3E}.Release|Any CPU.Build.0 = Release|Any CPU
		{8B6514E2-9CBF-4B52-A0C8-8AACBB7A1829}.Debug|Any CPU.ActiveCfg = Debug|Any CPU
		{8B6514E2-9CBF-4B52-A0C8-8AACBB7A1829}.Debug|Any CPU.Build.0 = Debug|Any CPU
		{8B6514E2-9CBF-4B52-A0C8-8AACBB7A1829}.Release|Any CPU.ActiveCfg = Release|Any CPU
		{8B6514E2-9CBF-4B52-A0C8-8AACBB7A1829}.Release|Any CPU.Build.0 = Release|Any CPU
		{C357CC2C-28A6-410F-89B5-419F16216F3A}.Debug|Any CPU.ActiveCfg = Debug|Any CPU
		{C357CC2C-28A6-410F-89B5-419F16216F3A}.Debug|Any CPU.Build.0 = Debug|Any CPU
		{C357CC2C-28A6-410F-89B5-419F16216F3A}.Release|Any CPU.ActiveCfg = Release|Any CPU
		{C357CC2C-28A6-410F-89B5-419F16216F3A}.Release|Any CPU.Build.0 = Release|Any CPU
	EndGlobalSection
	GlobalSection(SolutionProperties) = preSolution
		HideSolutionNode = FALSE
	EndGlobalSection
	GlobalSection(ExtensibilityGlobals) = postSolution
		SolutionGuid = {821C83A1-D090-4BB2-B91F-F29C7A99442A}
	EndGlobalSection
EndGlobal
